
Microsoft Visual Studio Solution File, Format Version 12.00
# Visual Studio 2013
VisualStudioVersion = 12.0.21005.1
MinimumVisualStudioVersion = 10.0.40219.1
Project("{2150E333-8FDC-42A3-9474-1A3956D46DE8}") = "Modules", "Modules", "{C4FA7BEC-7C1A-462B-8DDB-FEEA9DF52938}"
EndProject
Project("{FAE04EC0-301F-11D3-BF4B-00C04F79EFBC}") = "TrakHound-AnalyticsServer", "AnalyticsServer\TrakHound-AnalyticsServer.csproj", "{15095F8D-6EC3-414F-84EE-EDFCDCD3F856}"
EndProject
Project("{FAE04EC0-301F-11D3-BF4B-00C04F79EFBC}") = "TrakHound-AnalyticsServer-Menu", "AnalyticsServer-Menu\TrakHound-AnalyticsServer-Menu.csproj", "{A26AE1CA-C45B-4F56-B0E0-A6361F0AE4C7}"
EndProject
Project("{FAE04EC0-301F-11D3-BF4B-00C04F79EFBC}") = "mod-rest-connections", "Modules\mod-rest-connections\mod-rest-connections.csproj", "{E683FDB1-466B-4FA5-A98C-BCED431E703E}"
EndProject
Project("{FAE04EC0-301F-11D3-BF4B-00C04F79EFBC}") = "mod-rest-model", "Modules\mod-rest-model\mod-rest-model.csproj", "{D8994AA4-B663-4941-B83A-10580B252DF0}"
EndProject
Project("{FAE04EC0-301F-11D3-BF4B-00C04F79EFBC}") = "mod-rest-samples", "Modules\mod-rest-samples\mod-rest-samples.csproj", "{EDC9059A-5095-405F-827D-C0A63E9A57AD}"
EndProject
Project("{FAE04EC0-301F-11D3-BF4B-00C04F79EFBC}") = "mod-rest-status", "Modules\mod-rest-status\mod-rest-status.csproj", "{89F89C15-704B-44F3-845C-DDFD3CE18316}"
EndProject
Project("{FAE04EC0-301F-11D3-BF4B-00C04F79EFBC}") = "mod-rest-activity", "Modules\mod-rest-activity\mod-rest-activity.csproj", "{6AA7E6D0-580B-4AB7-B91B-18675C79EDC9}"
EndProject
Project("{FAE04EC0-301F-11D3-BF4B-00C04F79EFBC}") = "mod-rest-programs", "Modules\mod-rest-programs\mod-rest-programs.csproj", "{06CF1326-4DB8-4705-835C-BF820E21EC43}"
EndProject
Project("{FAE04EC0-301F-11D3-BF4B-00C04F79EFBC}") = "mod-rest-alarms", "Modules\mod-rest-alarms\mod-rest-alarms.csproj", "{39080975-BB11-4A35-BD45-ED2DF7DCBD52}"
EndProject
Project("{FAE04EC0-301F-11D3-BF4B-00C04F79EFBC}") = "mod-rest-oee", "Modules\mod-rest-oee\mod-rest-oee.csproj", "{70BBCA2A-C167-4FE7-85FA-FACC8CEF18C8}"
EndProject
Project("{FAE04EC0-301F-11D3-BF4B-00C04F79EFBC}") = "mod-rest-parts", "Modules\mod-rest-parts\mod-rest-parts.csproj", "{933541FC-5DEC-4ED4-A85E-32E1EC0AD94F}"
EndProject
Project("{2150E333-8FDC-42A3-9474-1A3956D46DE8}") = "Database-Modules", "Database-Modules", "{5958B5BC-3219-4408-9BF5-E6203230C497}"
EndProject
Project("{FAE04EC0-301F-11D3-BF4B-00C04F79EFBC}") = "mod_db_mysql", "Database-Modules\mod_db_mysql\mod_db_mysql.csproj", "{FB61AD6F-4990-4242-9063-824B828D995A}"
EndProject
Project("{FAE04EC0-301F-11D3-BF4B-00C04F79EFBC}") = "mod_rest_monitors", "Modules\mod_rest_monitors\mod_rest_monitors.csproj", "{A9DCB678-5791-4B35-9043-66D56AA868DC}"
EndProject
Global
	GlobalSection(SolutionConfigurationPlatforms) = preSolution
		Debug|Any CPU = Debug|Any CPU
		Release|Any CPU = Release|Any CPU
	EndGlobalSection
	GlobalSection(ProjectConfigurationPlatforms) = postSolution
		{15095F8D-6EC3-414F-84EE-EDFCDCD3F856}.Debug|Any CPU.ActiveCfg = Debug|Any CPU
		{15095F8D-6EC3-414F-84EE-EDFCDCD3F856}.Debug|Any CPU.Build.0 = Debug|Any CPU
		{15095F8D-6EC3-414F-84EE-EDFCDCD3F856}.Release|Any CPU.ActiveCfg = Release|Any CPU
		{15095F8D-6EC3-414F-84EE-EDFCDCD3F856}.Release|Any CPU.Build.0 = Release|Any CPU
		{A26AE1CA-C45B-4F56-B0E0-A6361F0AE4C7}.Debug|Any CPU.ActiveCfg = Debug|Any CPU
		{A26AE1CA-C45B-4F56-B0E0-A6361F0AE4C7}.Debug|Any CPU.Build.0 = Debug|Any CPU
		{A26AE1CA-C45B-4F56-B0E0-A6361F0AE4C7}.Release|Any CPU.ActiveCfg = Release|Any CPU
		{A26AE1CA-C45B-4F56-B0E0-A6361F0AE4C7}.Release|Any CPU.Build.0 = Release|Any CPU
		{E683FDB1-466B-4FA5-A98C-BCED431E703E}.Debug|Any CPU.ActiveCfg = Debug|Any CPU
		{E683FDB1-466B-4FA5-A98C-BCED431E703E}.Debug|Any CPU.Build.0 = Debug|Any CPU
		{E683FDB1-466B-4FA5-A98C-BCED431E703E}.Release|Any CPU.ActiveCfg = Release|Any CPU
		{E683FDB1-466B-4FA5-A98C-BCED431E703E}.Release|Any CPU.Build.0 = Release|Any CPU
		{D8994AA4-B663-4941-B83A-10580B252DF0}.Debug|Any CPU.ActiveCfg = Debug|Any CPU
		{D8994AA4-B663-4941-B83A-10580B252DF0}.Debug|Any CPU.Build.0 = Debug|Any CPU
		{D8994AA4-B663-4941-B83A-10580B252DF0}.Release|Any CPU.ActiveCfg = Release|Any CPU
		{D8994AA4-B663-4941-B83A-10580B252DF0}.Release|Any CPU.Build.0 = Release|Any CPU
		{EDC9059A-5095-405F-827D-C0A63E9A57AD}.Debug|Any CPU.ActiveCfg = Debug|Any CPU
		{EDC9059A-5095-405F-827D-C0A63E9A57AD}.Debug|Any CPU.Build.0 = Debug|Any CPU
		{EDC9059A-5095-405F-827D-C0A63E9A57AD}.Release|Any CPU.ActiveCfg = Release|Any CPU
		{EDC9059A-5095-405F-827D-C0A63E9A57AD}.Release|Any CPU.Build.0 = Release|Any CPU
		{89F89C15-704B-44F3-845C-DDFD3CE18316}.Debug|Any CPU.ActiveCfg = Debug|Any CPU
		{89F89C15-704B-44F3-845C-DDFD3CE18316}.Debug|Any CPU.Build.0 = Debug|Any CPU
		{89F89C15-704B-44F3-845C-DDFD3CE18316}.Release|Any CPU.ActiveCfg = Release|Any CPU
		{89F89C15-704B-44F3-845C-DDFD3CE18316}.Release|Any CPU.Build.0 = Release|Any CPU
		{6AA7E6D0-580B-4AB7-B91B-18675C79EDC9}.Debug|Any CPU.ActiveCfg = Debug|Any CPU
		{6AA7E6D0-580B-4AB7-B91B-18675C79EDC9}.Debug|Any CPU.Build.0 = Debug|Any CPU
		{6AA7E6D0-580B-4AB7-B91B-18675C79EDC9}.Release|Any CPU.ActiveCfg = Release|Any CPU
		{6AA7E6D0-580B-4AB7-B91B-18675C79EDC9}.Release|Any CPU.Build.0 = Release|Any CPU
		{06CF1326-4DB8-4705-835C-BF820E21EC43}.Debug|Any CPU.ActiveCfg = Debug|Any CPU
		{06CF1326-4DB8-4705-835C-BF820E21EC43}.Debug|Any CPU.Build.0 = Debug|Any CPU
		{06CF1326-4DB8-4705-835C-BF820E21EC43}.Release|Any CPU.ActiveCfg = Release|Any CPU
		{06CF1326-4DB8-4705-835C-BF820E21EC43}.Release|Any CPU.Build.0 = Release|Any CPU
		{39080975-BB11-4A35-BD45-ED2DF7DCBD52}.Debug|Any CPU.ActiveCfg = Debug|Any CPU
		{39080975-BB11-4A35-BD45-ED2DF7DCBD52}.Debug|Any CPU.Build.0 = Debug|Any CPU
		{39080975-BB11-4A35-BD45-ED2DF7DCBD52}.Release|Any CPU.ActiveCfg = Release|Any CPU
		{39080975-BB11-4A35-BD45-ED2DF7DCBD52}.Release|Any CPU.Build.0 = Release|Any CPU
		{70BBCA2A-C167-4FE7-85FA-FACC8CEF18C8}.Debug|Any CPU.ActiveCfg = Debug|Any CPU
		{70BBCA2A-C167-4FE7-85FA-FACC8CEF18C8}.Debug|Any CPU.Build.0 = Debug|Any CPU
		{70BBCA2A-C167-4FE7-85FA-FACC8CEF18C8}.Release|Any CPU.ActiveCfg = Release|Any CPU
		{70BBCA2A-C167-4FE7-85FA-FACC8CEF18C8}.Release|Any CPU.Build.0 = Release|Any CPU
		{933541FC-5DEC-4ED4-A85E-32E1EC0AD94F}.Debug|Any CPU.ActiveCfg = Debug|Any CPU
		{933541FC-5DEC-4ED4-A85E-32E1EC0AD94F}.Debug|Any CPU.Build.0 = Debug|Any CPU
		{933541FC-5DEC-4ED4-A85E-32E1EC0AD94F}.Release|Any CPU.ActiveCfg = Release|Any CPU
		{933541FC-5DEC-4ED4-A85E-32E1EC0AD94F}.Release|Any CPU.Build.0 = Release|Any CPU
		{FB61AD6F-4990-4242-9063-824B828D995A}.Debug|Any CPU.ActiveCfg = Debug|Any CPU
		{FB61AD6F-4990-4242-9063-824B828D995A}.Debug|Any CPU.Build.0 = Debug|Any CPU
		{FB61AD6F-4990-4242-9063-824B828D995A}.Release|Any CPU.ActiveCfg = Release|Any CPU
		{FB61AD6F-4990-4242-9063-824B828D995A}.Release|Any CPU.Build.0 = Release|Any CPU
		{A9DCB678-5791-4B35-9043-66D56AA868DC}.Debug|Any CPU.ActiveCfg = Debug|Any CPU
		{A9DCB678-5791-4B35-9043-66D56AA868DC}.Debug|Any CPU.Build.0 = Debug|Any CPU
		{A9DCB678-5791-4B35-9043-66D56AA868DC}.Release|Any CPU.ActiveCfg = Release|Any CPU
		{A9DCB678-5791-4B35-9043-66D56AA868DC}.Release|Any CPU.Build.0 = Release|Any CPU
	EndGlobalSection
	GlobalSection(SolutionProperties) = preSolution
		HideSolutionNode = FALSE
	EndGlobalSection
	GlobalSection(NestedProjects) = preSolution
		{E683FDB1-466B-4FA5-A98C-BCED431E703E} = {C4FA7BEC-7C1A-462B-8DDB-FEEA9DF52938}
		{D8994AA4-B663-4941-B83A-10580B252DF0} = {C4FA7BEC-7C1A-462B-8DDB-FEEA9DF52938}
		{EDC9059A-5095-405F-827D-C0A63E9A57AD} = {C4FA7BEC-7C1A-462B-8DDB-FEEA9DF52938}
		{89F89C15-704B-44F3-845C-DDFD3CE18316} = {C4FA7BEC-7C1A-462B-8DDB-FEEA9DF52938}
		{6AA7E6D0-580B-4AB7-B91B-18675C79EDC9} = {C4FA7BEC-7C1A-462B-8DDB-FEEA9DF52938}
		{06CF1326-4DB8-4705-835C-BF820E21EC43} = {C4FA7BEC-7C1A-462B-8DDB-FEEA9DF52938}
		{39080975-BB11-4A35-BD45-ED2DF7DCBD52} = {C4FA7BEC-7C1A-462B-8DDB-FEEA9DF52938}
		{70BBCA2A-C167-4FE7-85FA-FACC8CEF18C8} = {C4FA7BEC-7C1A-462B-8DDB-FEEA9DF52938}
		{933541FC-5DEC-4ED4-A85E-32E1EC0AD94F} = {C4FA7BEC-7C1A-462B-8DDB-FEEA9DF52938}
		{A9DCB678-5791-4B35-9043-66D56AA868DC} = {C4FA7BEC-7C1A-462B-8DDB-FEEA9DF52938}
		{FB61AD6F-4990-4242-9063-824B828D995A} = {5958B5BC-3219-4408-9BF5-E6203230C497}
	EndGlobalSection
EndGlobal
